// !$*UTF8*$!
{
	archiveVersion = 1;
	classes = {
	};
	objectVersion = 56;
	objects = {

/* Begin PBXBuildFile section */
		70B6C9622AD7D65D0073A7EA /* AppDelegate.swift in Sources */ = {isa = PBXBuildFile; fileRef = 70B6C9612AD7D65D0073A7EA /* AppDelegate.swift */; };
		70B6C9642AD7D65D0073A7EA /* SceneDelegate.swift in Sources */ = {isa = PBXBuildFile; fileRef = 70B6C9632AD7D65D0073A7EA /* SceneDelegate.swift */; };
		70B6C9662AD7D65D0073A7EA /* ViewController.swift in Sources */ = {isa = PBXBuildFile; fileRef = 70B6C9652AD7D65D0073A7EA /* ViewController.swift */; };
		70B6C9692AD7D65D0073A7EA /* Main.storyboard in Resources */ = {isa = PBXBuildFile; fileRef = 70B6C9672AD7D65D0073A7EA /* Main.storyboard */; };
		70B6C96C2AD7D65D0073A7EA /* CurrencyConversion.xcdatamodeld in Sources */ = {isa = PBXBuildFile; fileRef = 70B6C96A2AD7D65D0073A7EA /* CurrencyConversion.xcdatamodeld */; };
		70B6C96E2AD7D6630073A7EA /* Assets.xcassets in Resources */ = {isa = PBXBuildFile; fileRef = 70B6C96D2AD7D6630073A7EA /* Assets.xcassets */; };
		70B6C9712AD7D6630073A7EA /* LaunchScreen.storyboard in Resources */ = {isa = PBXBuildFile; fileRef = 70B6C96F2AD7D6630073A7EA /* LaunchScreen.storyboard */; };
		70B6C97C2AD7D6630073A7EA /* CurrencyConversionTests.swift in Sources */ = {isa = PBXBuildFile; fileRef = 70B6C97B2AD7D6630073A7EA /* CurrencyConversionTests.swift */; };
		70B6C9862AD7D6640073A7EA /* CurrencyConversionUITests.swift in Sources */ = {isa = PBXBuildFile; fileRef = 70B6C9852AD7D6640073A7EA /* CurrencyConversionUITests.swift */; };
		70B6C9882AD7D6640073A7EA /* CurrencyConversionUITestsLaunchTests.swift in Sources */ = {isa = PBXBuildFile; fileRef = 70B6C9872AD7D6640073A7EA /* CurrencyConversionUITestsLaunchTests.swift */; };
		70B6C99B2AD7D7960073A7EA /* CurrencyConversionViewModel.swift in Sources */ = {isa = PBXBuildFile; fileRef = 70B6C99A2AD7D7960073A7EA /* CurrencyConversionViewModel.swift */; };
		70B6C99F2AD7D82C0073A7EA /* APIViewModel.swift in Sources */ = {isa = PBXBuildFile; fileRef = 70B6C99E2AD7D82C0073A7EA /* APIViewModel.swift */; };
		70B6C9A12AD7D8450073A7EA /* CurrencyConversionModel.swift in Sources */ = {isa = PBXBuildFile; fileRef = 70B6C9A02AD7D8450073A7EA /* CurrencyConversionModel.swift */; };
		70B6C9A42AD7D8D50073A7EA /* Constants.swift in Sources */ = {isa = PBXBuildFile; fileRef = 70B6C9A32AD7D8D50073A7EA /* Constants.swift */; };
		70B6C9A62AD7D8EA0073A7EA /* APIManager.swift in Sources */ = {isa = PBXBuildFile; fileRef = 70B6C9A52AD7D8EA0073A7EA /* APIManager.swift */; };
		70B6C9A92AD7DB780073A7EA /* CurrencyListCollectionCell.swift in Sources */ = {isa = PBXBuildFile; fileRef = 70B6C9A72AD7DB780073A7EA /* CurrencyListCollectionCell.swift */; };
		70B6C9AA2AD7DB780073A7EA /* CurrencyListCollectionCell.xib in Resources */ = {isa = PBXBuildFile; fileRef = 70B6C9A82AD7DB780073A7EA /* CurrencyListCollectionCell.xib */; };
		70B6C9AC2AD7DB940073A7EA /* CurrencyConverterController.swift in Sources */ = {isa = PBXBuildFile; fileRef = 70B6C9AB2AD7DB940073A7EA /* CurrencyConverterController.swift */; };
		70B6C9AE2AD7F6BE0073A7EA /* CurrencyConversionCase.swift in Sources */ = {isa = PBXBuildFile; fileRef = 70B6C9AD2AD7F6BD0073A7EA /* CurrencyConversionCase.swift */; };
/* End PBXBuildFile section */

/* Begin PBXContainerItemProxy section */
		70B6C9782AD7D6630073A7EA /* PBXContainerItemProxy */ = {
			isa = PBXContainerItemProxy;
			containerPortal = 70B6C9562AD7D65D0073A7EA /* Project object */;
			proxyType = 1;
			remoteGlobalIDString = 70B6C95D2AD7D65D0073A7EA;
			remoteInfo = CurrencyConversion;
		};
		70B6C9822AD7D6640073A7EA /* PBXContainerItemProxy */ = {
			isa = PBXContainerItemProxy;
			containerPortal = 70B6C9562AD7D65D0073A7EA /* Project object */;
			proxyType = 1;
			remoteGlobalIDString = 70B6C95D2AD7D65D0073A7EA;
			remoteInfo = CurrencyConversion;
		};
/* End PBXContainerItemProxy section */

/* Begin PBXFileReference section */
		70B6C95E2AD7D65D0073A7EA /* CurrencyConversion.app */ = {isa = PBXFileReference; explicitFileType = wrapper.application; includeInIndex = 0; path = CurrencyConversion.app; sourceTree = BUILT_PRODUCTS_DIR; };
		70B6C9612AD7D65D0073A7EA /* AppDelegate.swift */ = {isa = PBXFileReference; lastKnownFileType = sourcecode.swift; path = AppDelegate.swift; sourceTree = "<group>"; };
		70B6C9632AD7D65D0073A7EA /* SceneDelegate.swift */ = {isa = PBXFileReference; lastKnownFileType = sourcecode.swift; path = SceneDelegate.swift; sourceTree = "<group>"; };
		70B6C9652AD7D65D0073A7EA /* ViewController.swift */ = {isa = PBXFileReference; lastKnownFileType = sourcecode.swift; path = ViewController.swift; sourceTree = "<group>"; };
		70B6C9682AD7D65D0073A7EA /* Base */ = {isa = PBXFileReference; lastKnownFileType = file.storyboard; name = Base; path = Base.lproj/Main.storyboard; sourceTree = "<group>"; };
		70B6C96B2AD7D65D0073A7EA /* CurrencyConversion.xcdatamodel */ = {isa = PBXFileReference; lastKnownFileType = wrapper.xcdatamodel; path = CurrencyConversion.xcdatamodel; sourceTree = "<group>"; };
		70B6C96D2AD7D6630073A7EA /* Assets.xcassets */ = {isa = PBXFileReference; lastKnownFileType = folder.assetcatalog; path = Assets.xcassets; sourceTree = "<group>"; };
		70B6C9702AD7D6630073A7EA /* Base */ = {isa = PBXFileReference; lastKnownFileType = file.storyboard; name = Base; path = Base.lproj/LaunchScreen.storyboard; sourceTree = "<group>"; };
		70B6C9722AD7D6630073A7EA /* Info.plist */ = {isa = PBXFileReference; lastKnownFileType = text.plist.xml; path = Info.plist; sourceTree = "<group>"; };
		70B6C9772AD7D6630073A7EA /* CurrencyConversionTests.xctest */ = {isa = PBXFileReference; explicitFileType = wrapper.cfbundle; includeInIndex = 0; path = CurrencyConversionTests.xctest; sourceTree = BUILT_PRODUCTS_DIR; };
		70B6C97B2AD7D6630073A7EA /* CurrencyConversionTests.swift */ = {isa = PBXFileReference; lastKnownFileType = sourcecode.swift; path = CurrencyConversionTests.swift; sourceTree = "<group>"; };
		70B6C9812AD7D6640073A7EA /* CurrencyConversionUITests.xctest */ = {isa = PBXFileReference; explicitFileType = wrapper.cfbundle; includeInIndex = 0; path = CurrencyConversionUITests.xctest; sourceTree = BUILT_PRODUCTS_DIR; };
		70B6C9852AD7D6640073A7EA /* CurrencyConversionUITests.swift */ = {isa = PBXFileReference; lastKnownFileType = sourcecode.swift; path = CurrencyConversionUITests.swift; sourceTree = "<group>"; };
		70B6C9872AD7D6640073A7EA /* CurrencyConversionUITestsLaunchTests.swift */ = {isa = PBXFileReference; lastKnownFileType = sourcecode.swift; path = CurrencyConversionUITestsLaunchTests.swift; sourceTree = "<group>"; };
		70B6C99A2AD7D7960073A7EA /* CurrencyConversionViewModel.swift */ = {isa = PBXFileReference; lastKnownFileType = sourcecode.swift; path = CurrencyConversionViewModel.swift; sourceTree = "<group>"; };
		70B6C99E2AD7D82C0073A7EA /* APIViewModel.swift */ = {isa = PBXFileReference; lastKnownFileType = sourcecode.swift; path = APIViewModel.swift; sourceTree = "<group>"; };
		70B6C9A02AD7D8450073A7EA /* CurrencyConversionModel.swift */ = {isa = PBXFileReference; lastKnownFileType = sourcecode.swift; path = CurrencyConversionModel.swift; sourceTree = "<group>"; };
		70B6C9A32AD7D8D50073A7EA /* Constants.swift */ = {isa = PBXFileReference; lastKnownFileType = sourcecode.swift; path = Constants.swift; sourceTree = "<group>"; };
		70B6C9A52AD7D8EA0073A7EA /* APIManager.swift */ = {isa = PBXFileReference; lastKnownFileType = sourcecode.swift; path = APIManager.swift; sourceTree = "<group>"; };
		70B6C9A72AD7DB780073A7EA /* CurrencyListCollectionCell.swift */ = {isa = PBXFileReference; lastKnownFileType = sourcecode.swift; path = CurrencyListCollectionCell.swift; sourceTree = "<group>"; };
		70B6C9A82AD7DB780073A7EA /* CurrencyListCollectionCell.xib */ = {isa = PBXFileReference; lastKnownFileType = file.xib; path = CurrencyListCollectionCell.xib; sourceTree = "<group>"; };
		70B6C9AB2AD7DB940073A7EA /* CurrencyConverterController.swift */ = {isa = PBXFileReference; lastKnownFileType = sourcecode.swift; path = CurrencyConverterController.swift; sourceTree = "<group>"; };
		70B6C9AD2AD7F6BD0073A7EA /* CurrencyConversionCase.swift */ = {isa = PBXFileReference; lastKnownFileType = sourcecode.swift; path = CurrencyConversionCase.swift; sourceTree = "<group>"; };
/* End PBXFileReference section */

/* Begin PBXFrameworksBuildPhase section */
		70B6C95B2AD7D65D0073A7EA /* Frameworks */ = {
			isa = PBXFrameworksBuildPhase;
			buildActionMask = 2147483647;
			files = (
			);
			runOnlyForDeploymentPostprocessing = 0;
		};
		70B6C9742AD7D6630073A7EA /* Frameworks */ = {
			isa = PBXFrameworksBuildPhase;
			buildActionMask = 2147483647;
			files = (
			);
			runOnlyForDeploymentPostprocessing = 0;
		};
		70B6C97E2AD7D6640073A7EA /* Frameworks */ = {
			isa = PBXFrameworksBuildPhase;
			buildActionMask = 2147483647;
			files = (
			);
			runOnlyForDeploymentPostprocessing = 0;
		};
/* End PBXFrameworksBuildPhase section */

/* Begin PBXGroup section */
		70B6C9552AD7D65D0073A7EA = {
			isa = PBXGroup;
			children = (
				70B6C9602AD7D65D0073A7EA /* CurrencyConversion */,
				70B6C97A2AD7D6630073A7EA /* CurrencyConversionTests */,
				70B6C9842AD7D6640073A7EA /* CurrencyConversionUITests */,
				70B6C95F2AD7D65D0073A7EA /* Products */,
			);
			sourceTree = "<group>";
		};
		70B6C95F2AD7D65D0073A7EA /* Products */ = {
			isa = PBXGroup;
			children = (
				70B6C95E2AD7D65D0073A7EA /* CurrencyConversion.app */,
				70B6C9772AD7D6630073A7EA /* CurrencyConversionTests.xctest */,
				70B6C9812AD7D6640073A7EA /* CurrencyConversionUITests.xctest */,
			);
			name = Products;
			sourceTree = "<group>";
		};
		70B6C9602AD7D65D0073A7EA /* CurrencyConversion */ = {
			isa = PBXGroup;
			children = (
				70B6C9612AD7D65D0073A7EA /* AppDelegate.swift */,
				70B6C9632AD7D65D0073A7EA /* SceneDelegate.swift */,
				70B6C9652AD7D65D0073A7EA /* ViewController.swift */,
				70B6C9A22AD7D84D0073A7EA /* URL Handler */,
				70B6C9942AD7D6830073A7EA /* CurrencyConversion */,
				70B6C9672AD7D65D0073A7EA /* Main.storyboard */,
				70B6C96D2AD7D6630073A7EA /* Assets.xcassets */,
				70B6C96F2AD7D6630073A7EA /* LaunchScreen.storyboard */,
				70B6C9722AD7D6630073A7EA /* Info.plist */,
				70B6C96A2AD7D65D0073A7EA /* CurrencyConversion.xcdatamodeld */,
			);
			path = CurrencyConversion;
			sourceTree = "<group>";
		};
		70B6C97A2AD7D6630073A7EA /* CurrencyConversionTests */ = {
			isa = PBXGroup;
			children = (
				70B6C97B2AD7D6630073A7EA /* CurrencyConversionTests.swift */,
				70B6C9AD2AD7F6BD0073A7EA /* CurrencyConversionCase.swift */,
			);
			path = CurrencyConversionTests;
			sourceTree = "<group>";
		};
		70B6C9842AD7D6640073A7EA /* CurrencyConversionUITests */ = {
			isa = PBXGroup;
			children = (
				70B6C9852AD7D6640073A7EA /* CurrencyConversionUITests.swift */,
				70B6C9872AD7D6640073A7EA /* CurrencyConversionUITestsLaunchTests.swift */,
			);
			path = CurrencyConversionUITests;
			sourceTree = "<group>";
		};
		70B6C9942AD7D6830073A7EA /* CurrencyConversion */ = {
			isa = PBXGroup;
			children = (
				70B6C9972AD7D6A90073A7EA /* Model */,
				70B6C9962AD7D69D0073A7EA /* View Model */,
				70B6C9952AD7D6930073A7EA /* View */,
			);
			path = CurrencyConversion;
			sourceTree = "<group>";
		};
		70B6C9952AD7D6930073A7EA /* View */ = {
			isa = PBXGroup;
			children = (
				70B6C9992AD7D6D80073A7EA /* Collection Cell */,
				70B6C9982AD7D6CE0073A7EA /* Controller */,
			);
			path = View;
			sourceTree = "<group>";
		};
		70B6C9962AD7D69D0073A7EA /* View Model */ = {
			isa = PBXGroup;
			children = (
				70B6C99A2AD7D7960073A7EA /* CurrencyConversionViewModel.swift */,
				70B6C99E2AD7D82C0073A7EA /* APIViewModel.swift */,
			);
			path = "View Model";
			sourceTree = "<group>";
		};
		70B6C9972AD7D6A90073A7EA /* Model */ = {
			isa = PBXGroup;
			children = (
				70B6C9A02AD7D8450073A7EA /* CurrencyConversionModel.swift */,
			);
			path = Model;
			sourceTree = "<group>";
		};
		70B6C9982AD7D6CE0073A7EA /* Controller */ = {
			isa = PBXGroup;
			children = (
				70B6C9AB2AD7DB940073A7EA /* CurrencyConverterController.swift */,
			);
			path = Controller;
			sourceTree = "<group>";
		};
		70B6C9992AD7D6D80073A7EA /* Collection Cell */ = {
			isa = PBXGroup;
			children = (
				70B6C9A72AD7DB780073A7EA /* CurrencyListCollectionCell.swift */,
				70B6C9A82AD7DB780073A7EA /* CurrencyListCollectionCell.xib */,
			);
			path = "Collection Cell";
			sourceTree = "<group>";
		};
		70B6C9A22AD7D84D0073A7EA /* URL Handler */ = {
			isa = PBXGroup;
			children = (
				70B6C9A32AD7D8D50073A7EA /* Constants.swift */,
				70B6C9A52AD7D8EA0073A7EA /* APIManager.swift */,
			);
			path = "URL Handler";
			sourceTree = "<group>";
		};
/* End PBXGroup section */

/* Begin PBXNativeTarget section */
		70B6C95D2AD7D65D0073A7EA /* CurrencyConversion */ = {
			isa = PBXNativeTarget;
			buildConfigurationList = 70B6C98B2AD7D6640073A7EA /* Build configuration list for PBXNativeTarget "CurrencyConversion" */;
			buildPhases = (
				70B6C95A2AD7D65D0073A7EA /* Sources */,
				70B6C95B2AD7D65D0073A7EA /* Frameworks */,
				70B6C95C2AD7D65D0073A7EA /* Resources */,
			);
			buildRules = (
			);
			dependencies = (
			);
			name = CurrencyConversion;
			productName = CurrencyConversion;
			productReference = 70B6C95E2AD7D65D0073A7EA /* CurrencyConversion.app */;
			productType = "com.apple.product-type.application";
		};
		70B6C9762AD7D6630073A7EA /* CurrencyConversionTests */ = {
			isa = PBXNativeTarget;
			buildConfigurationList = 70B6C98E2AD7D6640073A7EA /* Build configuration list for PBXNativeTarget "CurrencyConversionTests" */;
			buildPhases = (
				70B6C9732AD7D6630073A7EA /* Sources */,
				70B6C9742AD7D6630073A7EA /* Frameworks */,
				70B6C9752AD7D6630073A7EA /* Resources */,
			);
			buildRules = (
			);
			dependencies = (
				70B6C9792AD7D6630073A7EA /* PBXTargetDependency */,
			);
			name = CurrencyConversionTests;
			productName = CurrencyConversionTests;
			productReference = 70B6C9772AD7D6630073A7EA /* CurrencyConversionTests.xctest */;
			productType = "com.apple.product-type.bundle.unit-test";
		};
		70B6C9802AD7D6640073A7EA /* CurrencyConversionUITests */ = {
			isa = PBXNativeTarget;
			buildConfigurationList = 70B6C9912AD7D6640073A7EA /* Build configuration list for PBXNativeTarget "CurrencyConversionUITests" */;
			buildPhases = (
				70B6C97D2AD7D6640073A7EA /* Sources */,
				70B6C97E2AD7D6640073A7EA /* Frameworks */,
				70B6C97F2AD7D6640073A7EA /* Resources */,
			);
			buildRules = (
			);
			dependencies = (
				70B6C9832AD7D6640073A7EA /* PBXTargetDependency */,
			);
			name = CurrencyConversionUITests;
			productName = CurrencyConversionUITests;
			productReference = 70B6C9812AD7D6640073A7EA /* CurrencyConversionUITests.xctest */;
			productType = "com.apple.product-type.bundle.ui-testing";
		};
/* End PBXNativeTarget section */

/* Begin PBXProject section */
		70B6C9562AD7D65D0073A7EA /* Project object */ = {
			isa = PBXProject;
			attributes = {
				BuildIndependentTargetsInParallel = 1;
				LastSwiftUpdateCheck = 1410;
				LastUpgradeCheck = 1410;
				TargetAttributes = {
					70B6C95D2AD7D65D0073A7EA = {
						CreatedOnToolsVersion = 14.1;
					};
					70B6C9762AD7D6630073A7EA = {
						CreatedOnToolsVersion = 14.1;
						TestTargetID = 70B6C95D2AD7D65D0073A7EA;
					};
					70B6C9802AD7D6640073A7EA = {
						CreatedOnToolsVersion = 14.1;
						TestTargetID = 70B6C95D2AD7D65D0073A7EA;
					};
				};
			};
			buildConfigurationList = 70B6C9592AD7D65D0073A7EA /* Build configuration list for PBXProject "CurrencyConversion" */;
			compatibilityVersion = "Xcode 14.0";
			developmentRegion = en;
			hasScannedForEncodings = 0;
			knownRegions = (
				en,
				Base,
			);
			mainGroup = 70B6C9552AD7D65D0073A7EA;
			productRefGroup = 70B6C95F2AD7D65D0073A7EA /* Products */;
			projectDirPath = "";
			projectRoot = "";
			targets = (
				70B6C95D2AD7D65D0073A7EA /* CurrencyConversion */,
				70B6C9762AD7D6630073A7EA /* CurrencyConversionTests */,
				70B6C9802AD7D6640073A7EA /* CurrencyConversionUITests */,
			);
		};
/* End PBXProject section */

/* Begin PBXResourcesBuildPhase section */
		70B6C95C2AD7D65D0073A7EA /* Resources */ = {
			isa = PBXResourcesBuildPhase;
			buildActionMask = 2147483647;
			files = (
				70B6C9712AD7D6630073A7EA /* LaunchScreen.storyboard in Resources */,
				70B6C96E2AD7D6630073A7EA /* Assets.xcassets in Resources */,
				70B6C9AA2AD7DB780073A7EA /* CurrencyListCollectionCell.xib in Resources */,
				70B6C9692AD7D65D0073A7EA /* Main.storyboard in Resources */,
			);
			runOnlyForDeploymentPostprocessing = 0;
		};
		70B6C9752AD7D6630073A7EA /* Resources */ = {
			isa = PBXResourcesBuildPhase;
			buildActionMask = 2147483647;
			files = (
			);
			runOnlyForDeploymentPostprocessing = 0;
		};
		70B6C97F2AD7D6640073A7EA /* Resources */ = {
			isa = PBXResourcesBuildPhase;
			buildActionMask = 2147483647;
			files = (
			);
			runOnlyForDeploymentPostprocessing = 0;
		};
/* End PBXResourcesBuildPhase section */

/* Begin PBXSourcesBuildPhase section */
		70B6C95A2AD7D65D0073A7EA /* Sources */ = {
			isa = PBXSourcesBuildPhase;
			buildActionMask = 2147483647;
			files = (
				70B6C96C2AD7D65D0073A7EA /* CurrencyConversion.xcdatamodeld in Sources */,
				70B6C9662AD7D65D0073A7EA /* ViewController.swift in Sources */,
				70B6C9622AD7D65D0073A7EA /* AppDelegate.swift in Sources */,
				70B6C9A62AD7D8EA0073A7EA /* APIManager.swift in Sources */,
				70B6C9A92AD7DB780073A7EA /* CurrencyListCollectionCell.swift in Sources */,
				70B6C9AC2AD7DB940073A7EA /* CurrencyConverterController.swift in Sources */,
				70B6C9A12AD7D8450073A7EA /* CurrencyConversionModel.swift in Sources */,
				70B6C99F2AD7D82C0073A7EA /* APIViewModel.swift in Sources */,
				70B6C9642AD7D65D0073A7EA /* SceneDelegate.swift in Sources */,
				70B6C99B2AD7D7960073A7EA /* CurrencyConversionViewModel.swift in Sources */,
				70B6C9A42AD7D8D50073A7EA /* Constants.swift in Sources */,
			);
			runOnlyForDeploymentPostprocessing = 0;
		};
		70B6C9732AD7D6630073A7EA /* Sources */ = {
			isa = PBXSourcesBuildPhase;
			buildActionMask = 2147483647;
			files = (
				70B6C9AE2AD7F6BE0073A7EA /* CurrencyConversionCase.swift in Sources */,
				70B6C97C2AD7D6630073A7EA /* CurrencyConversionTests.swift in Sources */,
			);
			runOnlyForDeploymentPostprocessing = 0;
		};
		70B6C97D2AD7D6640073A7EA /* Sources */ = {
			isa = PBXSourcesBuildPhase;
			buildActionMask = 2147483647;
			files = (
				70B6C9862AD7D6640073A7EA /* CurrencyConversionUITests.swift in Sources */,
				70B6C9882AD7D6640073A7EA /* CurrencyConversionUITestsLaunchTests.swift in Sources */,
			);
			runOnlyForDeploymentPostprocessing = 0;
		};
/* End PBXSourcesBuildPhase section */

/* Begin PBXTargetDependency section */
		70B6C9792AD7D6630073A7EA /* PBXTargetDependency */ = {
			isa = PBXTargetDependency;
			target = 70B6C95D2AD7D65D0073A7EA /* CurrencyConversion */;
			targetProxy = 70B6C9782AD7D6630073A7EA /* PBXContainerItemProxy */;
		};
		70B6C9832AD7D6640073A7EA /* PBXTargetDependency */ = {
			isa = PBXTargetDependency;
			target = 70B6C95D2AD7D65D0073A7EA /* CurrencyConversion */;
			targetProxy = 70B6C9822AD7D6640073A7EA /* PBXContainerItemProxy */;
		};
/* End PBXTargetDependency section */

/* Begin PBXVariantGroup section */
		70B6C9672AD7D65D0073A7EA /* Main.storyboard */ = {
			isa = PBXVariantGroup;
			children = (
				70B6C9682AD7D65D0073A7EA /* Base */,
			);
			name = Main.storyboard;
			sourceTree = "<group>";
		};
		70B6C96F2AD7D6630073A7EA /* LaunchScreen.storyboard */ = {
			isa = PBXVariantGroup;
			children = (
				70B6C9702AD7D6630073A7EA /* Base */,
			);
			name = LaunchScreen.storyboard;
			sourceTree = "<group>";
		};
/* End PBXVariantGroup section */

/* Begin XCBuildConfiguration section */
		70B6C9892AD7D6640073A7EA /* Debug */ = {
			isa = XCBuildConfiguration;
			buildSettings = {
				ALWAYS_SEARCH_USER_PATHS = NO;
				CLANG_ANALYZER_NONNULL = YES;
				CLANG_ANALYZER_NUMBER_OBJECT_CONVERSION = YES_AGGRESSIVE;
				CLANG_CXX_LANGUAGE_STANDARD = "gnu++20";
				CLANG_ENABLE_MODULES = YES;
				CLANG_ENABLE_OBJC_ARC = YES;
				CLANG_ENABLE_OBJC_WEAK = YES;
				CLANG_WARN_BLOCK_CAPTURE_AUTORELEASING = YES;
				CLANG_WARN_BOOL_CONVERSION = YES;
				CLANG_WARN_COMMA = YES;
				CLANG_WARN_CONSTANT_CONVERSION = YES;
				CLANG_WARN_DEPRECATED_OBJC_IMPLEMENTATIONS = YES;
				CLANG_WARN_DIRECT_OBJC_ISA_USAGE = YES_ERROR;
				CLANG_WARN_DOCUMENTATION_COMMENTS = YES;
				CLANG_WARN_EMPTY_BODY = YES;
				CLANG_WARN_ENUM_CONVERSION = YES;
				CLANG_WARN_INFINITE_RECURSION = YES;
				CLANG_WARN_INT_CONVERSION = YES;
				CLANG_WARN_NON_LITERAL_NULL_CONVERSION = YES;
				CLANG_WARN_OBJC_IMPLICIT_RETAIN_SELF = YES;
				CLANG_WARN_OBJC_LITERAL_CONVERSION = YES;
				CLANG_WARN_OBJC_ROOT_CLASS = YES_ERROR;
				CLANG_WARN_QUOTED_INCLUDE_IN_FRAMEWORK_HEADER = YES;
				CLANG_WARN_RANGE_LOOP_ANALYSIS = YES;
				CLANG_WARN_STRICT_PROTOTYPES = YES;
				CLANG_WARN_SUSPICIOUS_MOVE = YES;
				CLANG_WARN_UNGUARDED_AVAILABILITY = YES_AGGRESSIVE;
				CLANG_WARN_UNREACHABLE_CODE = YES;
				CLANG_WARN__DUPLICATE_METHOD_MATCH = YES;
				COPY_PHASE_STRIP = NO;
				DEBUG_INFORMATION_FORMAT = dwarf;
				ENABLE_STRICT_OBJC_MSGSEND = YES;
				ENABLE_TESTABILITY = YES;
				GCC_C_LANGUAGE_STANDARD = gnu11;
				GCC_DYNAMIC_NO_PIC = NO;
				GCC_NO_COMMON_BLOCKS = YES;
				GCC_OPTIMIZATION_LEVEL = 0;
				GCC_PREPROCESSOR_DEFINITIONS = (
					"DEBUG=1",
					"$(inherited)",
				);
				GCC_WARN_64_TO_32_BIT_CONVERSION = YES;
				GCC_WARN_ABOUT_RETURN_TYPE = YES_ERROR;
				GCC_WARN_UNDECLARED_SELECTOR = YES;
				GCC_WARN_UNINITIALIZED_AUTOS = YES_AGGRESSIVE;
				GCC_WARN_UNUSED_FUNCTION = YES;
				GCC_WARN_UNUSED_VARIABLE = YES;
				IPHONEOS_DEPLOYMENT_TARGET = 16.1;
				MTL_ENABLE_DEBUG_INFO = INCLUDE_SOURCE;
				MTL_FAST_MATH = YES;
				ONLY_ACTIVE_ARCH = YES;
				SDKROOT = iphoneos;
				SWIFT_ACTIVE_COMPILATION_CONDITIONS = DEBUG;
				SWIFT_OPTIMIZATION_LEVEL = "-Onone";
			};
			name = Debug;
		};
		70B6C98A2AD7D6640073A7EA /* Release */ = {
			isa = XCBuildConfiguration;
			buildSettings = {
				ALWAYS_SEARCH_USER_PATHS = NO;
				CLANG_ANALYZER_NONNULL = YES;
				CLANG_ANALYZER_NUMBER_OBJECT_CONVERSION = YES_AGGRESSIVE;
				CLANG_CXX_LANGUAGE_STANDARD = "gnu++20";
				CLANG_ENABLE_MODULES = YES;
				CLANG_ENABLE_OBJC_ARC = YES;
				CLANG_ENABLE_OBJC_WEAK = YES;
				CLANG_WARN_BLOCK_CAPTURE_AUTORELEASING = YES;
				CLANG_WARN_BOOL_CONVERSION = YES;
				CLANG_WARN_COMMA = YES;
				CLANG_WARN_CONSTANT_CONVERSION = YES;
				CLANG_WARN_DEPRECATED_OBJC_IMPLEMENTATIONS = YES;
				CLANG_WARN_DIRECT_OBJC_ISA_USAGE = YES_ERROR;
				CLANG_WARN_DOCUMENTATION_COMMENTS = YES;
				CLANG_WARN_EMPTY_BODY = YES;
				CLANG_WARN_ENUM_CONVERSION = YES;
				CLANG_WARN_INFINITE_RECURSION = YES;
				CLANG_WARN_INT_CONVERSION = YES;
				CLANG_WARN_NON_LITERAL_NULL_CONVERSION = YES;
				CLANG_WARN_OBJC_IMPLICIT_RETAIN_SELF = YES;
				CLANG_WARN_OBJC_LITERAL_CONVERSION = YES;
				CLANG_WARN_OBJC_ROOT_CLASS = YES_ERROR;
				CLANG_WARN_QUOTED_INCLUDE_IN_FRAMEWORK_HEADER = YES;
				CLANG_WARN_RANGE_LOOP_ANALYSIS = YES;
				CLANG_WARN_STRICT_PROTOTYPES = YES;
				CLANG_WARN_SUSPICIOUS_MOVE = YES;
				CLANG_WARN_UNGUARDED_AVAILABILITY = YES_AGGRESSIVE;
				CLANG_WARN_UNREACHABLE_CODE = YES;
				CLANG_WARN__DUPLICATE_METHOD_MATCH = YES;
				COPY_PHASE_STRIP = NO;
				DEBUG_INFORMATION_FORMAT = "dwarf-with-dsym";
				ENABLE_NS_ASSERTIONS = NO;
				ENABLE_STRICT_OBJC_MSGSEND = YES;
				GCC_C_LANGUAGE_STANDARD = gnu11;
				GCC_NO_COMMON_BLOCKS = YES;
				GCC_WARN_64_TO_32_BIT_CONVERSION = YES;
				GCC_WARN_ABOUT_RETURN_TYPE = YES_ERROR;
				GCC_WARN_UNDECLARED_SELECTOR = YES;
				GCC_WARN_UNINITIALIZED_AUTOS = YES_AGGRESSIVE;
				GCC_WARN_UNUSED_FUNCTION = YES;
				GCC_WARN_UNUSED_VARIABLE = YES;
				IPHONEOS_DEPLOYMENT_TARGET = 16.1;
				MTL_ENABLE_DEBUG_INFO = NO;
				MTL_FAST_MATH = YES;
				SDKROOT = iphoneos;
				SWIFT_COMPILATION_MODE = wholemodule;
				SWIFT_OPTIMIZATION_LEVEL = "-O";
				VALIDATE_PRODUCT = YES;
			};
			name = Release;
		};
		70B6C98C2AD7D6640073A7EA /* Debug */ = {
			isa = XCBuildConfiguration;
			buildSettings = {
				ASSETCATALOG_COMPILER_APPICON_NAME = AppIcon;
				ASSETCATALOG_COMPILER_GLOBAL_ACCENT_COLOR_NAME = AccentColor;
				CODE_SIGN_STYLE = Automatic;
				CURRENT_PROJECT_VERSION = 1;
				GENERATE_INFOPLIST_FILE = YES;
				INFOPLIST_FILE = CurrencyConversion/Info.plist;
				INFOPLIST_KEY_UIApplicationSupportsIndirectInputEvents = YES;
				INFOPLIST_KEY_UILaunchStoryboardName = LaunchScreen;
				INFOPLIST_KEY_UIMainStoryboardFile = Main;
				INFOPLIST_KEY_UISupportedInterfaceOrientations_iPad = "UIInterfaceOrientationPortrait UIInterfaceOrientationPortraitUpsideDown UIInterfaceOrientationLandscapeLeft UIInterfaceOrientationLandscapeRight";
				INFOPLIST_KEY_UISupportedInterfaceOrientations_iPhone = "UIInterfaceOrientationPortrait UIInterfaceOrientationLandscapeLeft UIInterfaceOrientationLandscapeRight";
				LD_RUNPATH_SEARCH_PATHS = (
					"$(inherited)",
					"@executable_path/Frameworks",
				);
				MARKETING_VERSION = 1.0;
				PRODUCT_BUNDLE_IDENTIFIER = "Barani-Elangovan.CurrencyConversion";
				PRODUCT_NAME = "$(TARGET_NAME)";
				SWIFT_EMIT_LOC_STRINGS = YES;
				SWIFT_VERSION = 5.0;
				TARGETED_DEVICE_FAMILY = "1,2";
			};
			name = Debug;
		};
		70B6C98D2AD7D6640073A7EA /* Release */ = {
			isa = XCBuildConfiguration;
			buildSettings = {
				ASSETCATALOG_COMPILER_APPICON_NAME = AppIcon;
				ASSETCATALOG_COMPILER_GLOBAL_ACCENT_COLOR_NAME = AccentColor;
				CODE_SIGN_STYLE = Automatic;
				CURRENT_PROJECT_VERSION = 1;
				GENERATE_INFOPLIST_FILE = YES;
				INFOPLIST_FILE = CurrencyConversion/Info.plist;
				INFOPLIST_KEY_UIApplicationSupportsIndirectInputEvents = YES;
				INFOPLIST_KEY_UILaunchStoryboardName = LaunchScreen;
				INFOPLIST_KEY_UIMainStoryboardFile = Main;
				INFOPLIST_KEY_UISupportedInterfaceOrientations_iPad = "UIInterfaceOrientationPortrait UIInterfaceOrientationPortraitUpsideDown UIInterfaceOrientationLandscapeLeft UIInterfaceOrientationLandscapeRight";
				INFOPLIST_KEY_UISupportedInterfaceOrientations_iPhone = "UIInterfaceOrientationPortrait UIInterfaceOrientationLandscapeLeft UIInterfaceOrientationLandscapeRight";
				LD_RUNPATH_SEARCH_PATHS = (
					"$(inherited)",
					"@executable_path/Frameworks",
				);
				MARKETING_VERSION = 1.0;
				PRODUCT_BUNDLE_IDENTIFIER = "Barani-Elangovan.CurrencyConversion";
				PRODUCT_NAME = "$(TARGET_NAME)";
				SWIFT_EMIT_LOC_STRINGS = YES;
				SWIFT_VERSION = 5.0;
				TARGETED_DEVICE_FAMILY = "1,2";
			};
			name = Release;
		};
		70B6C98F2AD7D6640073A7EA /* Debug */ = {
			isa = XCBuildConfiguration;
			buildSettings = {
				ALWAYS_EMBED_SWIFT_STANDARD_LIBRARIES = YES;
				BUNDLE_LOADER = "$(TEST_HOST)";
				CODE_SIGN_STYLE = Automatic;
				CURRENT_PROJECT_VERSION = 1;
				GENERATE_INFOPLIST_FILE = YES;
				IPHONEOS_DEPLOYMENT_TARGET = 16.1;
				MARKETING_VERSION = 1.0;
				PRODUCT_BUNDLE_IDENTIFIER = "Barani-Elangovan.CurrencyConversionTests";
				PRODUCT_NAME = "$(TARGET_NAME)";
				SWIFT_EMIT_LOC_STRINGS = NO;
				SWIFT_VERSION = 5.0;
				TARGETED_DEVICE_FAMILY = "1,2";
				TEST_HOST = "$(BUILT_PRODUCTS_DIR)/CurrencyConversion.app/$(BUNDLE_EXECUTABLE_FOLDER_PATH)/CurrencyConversion";
			};
			name = Debug;
		};
		70B6C9902AD7D6640073A7EA /* Release */ = {
			isa = XCBuildConfiguration;
			buildSettings = {
				ALWAYS_EMBED_SWIFT_STANDARD_LIBRARIES = YES;
				BUNDLE_LOADER = "$(TEST_HOST)";
				CODE_SIGN_STYLE = Automatic;
				CURRENT_PROJECT_VERSION = 1;
				GENERATE_INFOPLIST_FILE = YES;
				IPHONEOS_DEPLOYMENT_TARGET = 16.1;
				MARKETING_VERSION = 1.0;
				PRODUCT_BUNDLE_IDENTIFIER = "Barani-Elangovan.CurrencyConversionTests";
				PRODUCT_NAME = "$(TARGET_NAME)";
				SWIFT_EMIT_LOC_STRINGS = NO;
				SWIFT_VERSION = 5.0;
				TARGETED_DEVICE_FAMILY = "1,2";
				TEST_HOST = "$(BUILT_PRODUCTS_DIR)/CurrencyConversion.app/$(BUNDLE_EXECUTABLE_FOLDER_PATH)/CurrencyConversion";
			};
			name = Release;
		};
		70B6C9922AD7D6640073A7EA /* Debug */ = {
			isa = XCBuildConfiguration;
			buildSettings = {
				ALWAYS_EMBED_SWIFT_STANDARD_LIBRARIES = YES;
				CODE_SIGN_STYLE = Automatic;
				CURRENT_PROJECT_VERSION = 1;
				GENERATE_INFOPLIST_FILE = YES;
				MARKETING_VERSION = 1.0;
				PRODUCT_BUNDLE_IDENTIFIER = "Barani-Elangovan.CurrencyConversionUITests";
				PRODUCT_NAME = "$(TARGET_NAME)";
				SWIFT_EMIT_LOC_STRINGS = NO;
				SWIFT_VERSION = 5.0;
				TARGETED_DEVICE_FAMILY = "1,2";
				TEST_TARGET_NAME = CurrencyConversion;
			};
			name = Debug;
		};
		70B6C9932AD7D6640073A7EA /* Release */ = {
			isa = XCBuildConfiguration;
			buildSettings = {
				ALWAYS_EMBED_SWIFT_STANDARD_LIBRARIES = YES;
				CODE_SIGN_STYLE = Automatic;
				CURRENT_PROJECT_VERSION = 1;
				GENERATE_INFOPLIST_FILE = YES;
				MARKETING_VERSION = 1.0;
				PRODUCT_BUNDLE_IDENTIFIER = "Barani-Elangovan.CurrencyConversionUITests";
				PRODUCT_NAME = "$(TARGET_NAME)";
				SWIFT_EMIT_LOC_STRINGS = NO;
				SWIFT_VERSION = 5.0;
				TARGETED_DEVICE_FAMILY = "1,2";
				TEST_TARGET_NAME = CurrencyConversion;
			};
			name = Release;
		};
/* End XCBuildConfiguration section */

/* Begin XCConfigurationList section */
		70B6C9592AD7D65D0073A7EA /* Build configuration list for PBXProject "CurrencyConversion" */ = {
			isa = XCConfigurationList;
			buildConfigurations = (
				70B6C9892AD7D6640073A7EA /* Debug */,
				70B6C98A2AD7D6640073A7EA /* Release */,
			);
			defaultConfigurationIsVisible = 0;
			defaultConfigurationName = Release;
		};
		70B6C98B2AD7D6640073A7EA /* Build configuration list for PBXNativeTarget "CurrencyConversion" */ = {
			isa = XCConfigurationList;
			buildConfigurations = (
				70B6C98C2AD7D6640073A7EA /* Debug */,
				70B6C98D2AD7D6640073A7EA /* Release */,
			);
			defaultConfigurationIsVisible = 0;
			defaultConfigurationName = Release;
		};
		70B6C98E2AD7D6640073A7EA /* Build configuration list for PBXNativeTarget "CurrencyConversionTests" */ = {
			isa = XCConfigurationList;
			buildConfigurations = (
				70B6C98F2AD7D6640073A7EA /* Debug */,
				70B6C9902AD7D6640073A7EA /* Release */,
			);
			defaultConfigurationIsVisible = 0;
			defaultConfigurationName = Release;
		};
		70B6C9912AD7D6640073A7EA /* Build configuration list for PBXNativeTarget "CurrencyConversionUITests" */ = {
			isa = XCConfigurationList;
			buildConfigurations = (
				70B6C9922AD7D6640073A7EA /* Debug */,
				70B6C9932AD7D6640073A7EA /* Release */,
			);
			defaultConfigurationIsVisible = 0;
			defaultConfigurationName = Release;
		};
/* End XCConfigurationList section */

/* Begin XCVersionGroup section */
		70B6C96A2AD7D65D0073A7EA /* CurrencyConversion.xcdatamodeld */ = {
			isa = XCVersionGroup;
			children = (
				70B6C96B2AD7D65D0073A7EA /* CurrencyConversion.xcdatamodel */,
			);
			currentVersion = 70B6C96B2AD7D65D0073A7EA /* CurrencyConversion.xcdatamodel */;
			path = CurrencyConversion.xcdatamodeld;
			sourceTree = "<group>";
			versionGroupType = wrapper.xcdatamodel;
		};
/* End XCVersionGroup section */
	};
	rootObject = 70B6C9562AD7D65D0073A7EA /* Project object */;
}
